
Microsoft Visual Studio Solution File, Format Version 12.00
# Visual Studio Version 16
VisualStudioVersion = 16.0.30717.126
MinimumVisualStudioVersion = 10.0.40219.1
Project("{9A19103F-16F7-4668-BE54-9A1E7A4F7556}") = "SkillFactory.File", "SkillFactory.File\SkillFactory.File.csproj", "{8F48DD21-B426-4DAC-BE8B-984EF3EB6E4C}"
EndProject
Project("{FAE04EC0-301F-11D3-BF4B-00C04F79EFBC}") = "SkillFactory.GetDirectory", "SkillFactory.GetDirectory\SkillFactory.GetDirectory.csproj", "{FE71C93D-DADB-43D4-BCCF-9B5DA74C2021}"
EndProject
Global
	GlobalSection(SolutionConfigurationPlatforms) = preSolution
		Debug|Any CPU = Debug|Any CPU
		Release|Any CPU = Release|Any CPU
	EndGlobalSection
	GlobalSection(ProjectConfigurationPlatforms) = postSolution
		{8F48DD21-B426-4DAC-BE8B-984EF3EB6E4C}.Debug|Any CPU.ActiveCfg = Debug|Any CPU
		{8F48DD21-B426-4DAC-BE8B-984EF3EB6E4C}.Debug|Any CPU.Build.0 = Debug|Any CPU
		{8F48DD21-B426-4DAC-BE8B-984EF3EB6E4C}.Release|Any CPU.ActiveCfg = Release|Any CPU
		{8F48DD21-B426-4DAC-BE8B-984EF3EB6E4C}.Release|Any CPU.Build.0 = Release|Any CPU
		{FE71C93D-DADB-43D4-BCCF-9B5DA74C2021}.Debug|Any CPU.ActiveCfg = Debug|Any CPU
		{FE71C93D-DADB-43D4-BCCF-9B5DA74C2021}.Debug|Any CPU.Build.0 = Debug|Any CPU
		{FE71C93D-DADB-43D4-BCCF-9B5DA74C2021}.Release|Any CPU.ActiveCfg = Release|Any CPU
		{FE71C93D-DADB-43D4-BCCF-9B5DA74C2021}.Release|Any CPU.Build.0 = Release|Any CPU
	EndGlobalSection
	GlobalSection(SolutionProperties) = preSolution
		HideSolutionNode = FALSE
	EndGlobalSection
	GlobalSection(ExtensibilityGlobals) = postSolution
		SolutionGuid = {8188E4F8-66DF-406D-8C29-8AC264ECF4F6}
	EndGlobalSection
EndGlobal
